
Microsoft Visual Studio Solution File, Format Version 12.00
# Visual Studio Version 16
VisualStudioVersion = 16.0.30611.23
MinimumVisualStudioVersion = 10.0.40219.1
Project("{FAE04EC0-301F-11D3-BF4B-00C04F79EFBC}") = "FormularioEstilos", "FormularioEstilos\FormularioEstilos.csproj", "{2F7950A8-CFE7-4931-8F81-2B2E6E80D0A7}"
EndProject
Project("{2150E333-8FDC-42A3-9474-1A3956D46DE8}") = "Solution Items", "Solution Items", "{3B8D4705-B0E2-4D8B-97F8-D8C06571F99C}"
EndProject
Global
	GlobalSection(SolutionConfigurationPlatforms) = preSolution
		Debug|Any CPU = Debug|Any CPU
		Release|Any CPU = Release|Any CPU
	EndGlobalSection
	GlobalSection(ProjectConfigurationPlatforms) = postSolution
		{2F7950A8-CFE7-4931-8F81-2B2E6E80D0A7}.Debug|Any CPU.ActiveCfg = Debug|Any CPU
		{2F7950A8-CFE7-4931-8F81-2B2E6E80D0A7}.Debug|Any CPU.Build.0 = Debug|Any CPU
		{2F7950A8-CFE7-4931-8F81-2B2E6E80D0A7}.Release|Any CPU.ActiveCfg = Release|Any CPU
		{2F7950A8-CFE7-4931-8F81-2B2E6E80D0A7}.Release|Any CPU.Build.0 = Release|Any CPU
	EndGlobalSection
	GlobalSection(SolutionProperties) = preSolution
		HideSolutionNode = FALSE
	EndGlobalSection
	GlobalSection(ExtensibilityGlobals) = postSolution
		SolutionGuid = {269E4082-3821-4F87-81AA-D0734FFC0974}
	EndGlobalSection
EndGlobal
